{
  "name": "atom-code-ui",
  "version": "0.4.1",
  "lockfileVersion": 1,
  "requires": true,
  "dependencies": {
    "@types/atom": {
      "version": "0.0.37",
      "resolved": "https://registry.npmjs.org/@types/atom/-/atom-0.0.37.tgz",
      "integrity": "sha1-iDXINMS5esfnqn33N8y5V87m9DE=",
      "dev": true,
      "requires": {
        "@types/emissary": "0.0.30",
        "@types/jquery": "3.3.1",
        "@types/pathwatcher": "8.0.4",
        "@types/q": "0.0.37",
        "@types/space-pen": "0.0.28",
        "@types/status-bar": "0.0.31",
        "@types/text-buffer": "13.0.4"
      }
    },
    "@types/emissary": {
      "version": "0.0.30",
      "resolved": "https://registry.npmjs.org/@types/emissary/-/emissary-0.0.30.tgz",
      "integrity": "sha512-JpLOBEJ3saUsu+FEdjVQ+wxRllB24tuDFKzbihKoQwNvJxUn8Pn0X19ROk2sLe2EDf17r4BPHi1fiAbcZpjsAQ==",
      "dev": true,
      "requires": {
        "@types/mixto": "0.0.29"
      }
    },
    "@types/event-kit": {
      "version": "2.4.0",
      "resolved": "https://registry.npmjs.org/@types/event-kit/-/event-kit-2.4.0.tgz",
      "integrity": "sha512-z8rC3bYgdkV+OEKr2aMcooY91e1uIwiWrjee05NR4tqG+jgPL/p8ZYkrtf+U91sTq2Z6pp2Ul9vGY3wYI1Lmuw==",
      "dev": true
    },
    "@types/jquery": {
      "version": "3.3.1",
      "resolved": "https://registry.npmjs.org/@types/jquery/-/jquery-3.3.1.tgz",
      "integrity": "sha512-N3h+rzN518yl2xKrW0o6KKdNmWZ+OwG6SoM5TBEQFF0tTv5wXPEsoOuYQ2Kt3/89XbcSZUJLdjiT/2c3BR/ApQ==",
      "dev": true
    },
    "@types/lodash": {
      "version": "4.14.105",
      "resolved": "https://registry.npmjs.org/@types/lodash/-/lodash-4.14.105.tgz",
      "integrity": "sha512-LB5PKR4QNoDrgcl4H8JdhBMp9wHWp0OATkU9EHzuXKiutRwbvsyYmqPUaMSWmdCycJoKHtdAWh47/zSe/GZ1yA==",
      "dev": true
    },
    "@types/mixto": {
      "version": "0.0.29",
      "resolved": "https://registry.npmjs.org/@types/mixto/-/mixto-0.0.29.tgz",
      "integrity": "sha512-pbGWg5qlvCB5y5B7PxP3OyDR79xXHE+fiLvfD1AJC6d1WFjDPpGlQRfGLn1vMjG9ThxFZpvIkg8JENMcORrnCg==",
      "dev": true
    },
    "@types/node": {
      "version": "7.0.56",
      "resolved": "http://registry.npmjs.org/@types/node/-/node-7.0.56.tgz",
      "integrity": "sha512-NgjN3xPyqbAXSIpznNAR5Cisx5uKqJWxcS9kefzSFEX/9J7O01/FHyfnvPI7SztBf9p6c8mqOn3olZWJx3ja6g==",
      "dev": true
    },
    "@types/pathwatcher": {
      "version": "8.0.4",
      "resolved": "https://registry.npmjs.org/@types/pathwatcher/-/pathwatcher-8.0.4.tgz",
      "integrity": "sha512-vAgZEEhyeUwBikFNdx2OOfVPfD5V7QF0ugRKALqJ5uI0EmFMX31YxEWaAKoeVT8CdgXUeozT4X7NwDiGntHVHg==",
      "dev": true,
      "requires": {
        "@types/event-kit": "2.4.0",
        "@types/node": "7.0.56"
      }
    },
    "@types/q": {
      "version": "0.0.37",
      "resolved": "https://registry.npmjs.org/@types/q/-/q-0.0.37.tgz",
      "integrity": "sha512-vjFGX1zMTMz/kUp3xgfJcxMVLkMWVMrdlyc0RwVyve1y9jxwqNaT8wTcv6M51ylq2a/zn5lm8g7qPSoIS4uvZQ==",
      "dev": true
    },
    "@types/space-pen": {
      "version": "0.0.28",
      "resolved": "https://registry.npmjs.org/@types/space-pen/-/space-pen-0.0.28.tgz",
      "integrity": "sha512-tiRM024TSrGhrRQuDwKlDBCJGBxNNqur8wUhT1YXd0jzjuQq4XJn8qjO22MPhu5xRYDmTMdwxo0Z3IzQGPh9MQ==",
      "dev": true,
      "requires": {
        "@types/jquery": "3.3.1"
      }
    },
    "@types/status-bar": {
      "version": "0.0.31",
      "resolved": "https://registry.npmjs.org/@types/status-bar/-/status-bar-0.0.31.tgz",
      "integrity": "sha512-WGGtHrtwNyHFVowdWG6GAJ+zLXvwdaO3S76wAJbUM66kgK5/ocVnvg2TH0srof3LXoSHbNOYFTcYdcVoWtWN0w==",
      "dev": true,
      "requires": {
        "@types/space-pen": "0.0.28"
      }
    },
    "@types/text-buffer": {
      "version": "13.0.4",
      "resolved": "https://registry.npmjs.org/@types/text-buffer/-/text-buffer-13.0.4.tgz",
      "integrity": "sha512-ZdXC3l9CRVxQbU8tM/I7M5UPlUBiqsUCkfOMh+tzkdOXesxw0Gqv/2ummGzCe7f86dYBZYjOzoi7cOPegJq7zQ==",
      "dev": true,
      "requires": {
        "@types/event-kit": "2.4.0",
        "@types/pathwatcher": "8.0.4"
      }
    },
    "atom-package-deps": {
      "version": "4.6.2",
      "resolved": "https://registry.npmjs.org/atom-package-deps/-/atom-package-deps-4.6.2.tgz",
      "integrity": "sha512-GOcCULZPzpcFfnHo9Oz5fT/EaArFHNs84E4rp/Nox0/GlS1UYkEF44FRdgD+7TxAudRfQAXE0a8wh0GealCXZg==",
      "requires": {
        "atom-package-path": "1.1.0",
        "sb-fs": "3.0.0",
        "semver": "5.5.0"
      }
    },
    "atom-package-path": {
      "version": "1.1.0",
      "resolved": "https://registry.npmjs.org/atom-package-path/-/atom-package-path-1.1.0.tgz",
      "integrity": "sha1-tR/tvADnyM5SI9DYA9t6P09pYU8=",
      "requires": {
        "sb-callsite": "1.1.2"
      }
    },
    "is-utf8": {
      "version": "0.2.1",
      "resolved": "https://registry.npmjs.org/is-utf8/-/is-utf8-0.2.1.tgz",
      "integrity": "sha1-Sw2hRCEE0bM2NA6AeX6GXPOffXI="
    },
    "lodash": {
      "version": "2.4.2",
      "resolved": "https://registry.npmjs.org/lodash/-/lodash-2.4.2.tgz",
      "integrity": "sha1-+t2DS5aDBz2hebPq5tnA0VBT9z4="
    },
    "sb-callsite": {
      "version": "1.1.2",
      "resolved": "https://registry.npmjs.org/sb-callsite/-/sb-callsite-1.1.2.tgz",
      "integrity": "sha1-KBkftm1k46PukghKlakPy1ECJDs="
    },
    "sb-fs": {
      "version": "3.0.0",
      "resolved": "https://registry.npmjs.org/sb-fs/-/sb-fs-3.0.0.tgz",
      "integrity": "sha1-+9zdMBDoChuOJ0kM7zNgZJdCA7g=",
      "requires": {
        "sb-promisify": "2.0.2",
        "strip-bom-buf": "1.0.0"
      }
    },
    "sb-promisify": {
      "version": "2.0.2",
      "resolved": "https://registry.npmjs.org/sb-promisify/-/sb-promisify-2.0.2.tgz",
      "integrity": "sha1-QnelR1RIiqlnXYhuNU24lMm9yYE="
    },
    "semver": {
      "version": "5.5.0",
      "resolved": "https://registry.npmjs.org/semver/-/semver-5.5.0.tgz",
      "integrity": "sha512-4SJ3dm0WAwWy/NVeioZh5AntkdJoWKxHxcmyP622fOkgHa4z3R0TdBJICINyaSDE6uNwVc8gZr+ZinwZAH4xIA=="
    },
    "strip-bom-buf": {
      "version": "1.0.0",
      "resolved": "https://registry.npmjs.org/strip-bom-buf/-/strip-bom-buf-1.0.0.tgz",
      "integrity": "sha1-HLRar1dTD0yvhsf3UXnSyaUd1XI=",
      "requires": {
        "is-utf8": "0.2.1"
      }
    },
    "typescript": {
      "version": "2.7.2",
      "resolved": "https://registry.npmjs.org/typescript/-/typescript-2.7.2.tgz",
      "integrity": "sha512-p5TCYZDAO0m4G344hD+wx/LATebLWZNkkh2asWUFqSsD2OrDNhbAHuSjobrmsUmdzjJjEeZVU9g1h3O6vpstnw==",
      "dev": true
    }
  }
}
